{
  "name": "playwright-accessibility_testing",
  "version": "1.0.0",
  "lockfileVersion": 2,
  "requires": true,
  "packages": {
    "": {
      "name": "playwright-accessibility_testing",
      "version": "1.0.0",
      "license": "ISC",
      "dependencies": {
        "@axe-core/playwright": "^4.6.1",
        "@playwright/test": "^1.49.0"
      }
    },
    "node_modules/@axe-core/playwright": {
      "version": "4.6.1",
      "resolved": "https://registry.npmjs.org/@axe-core/playwright/-/playwright-4.6.1.tgz",
      "integrity": "sha512-XMKP2OzGfGIYpU9G9FgI2ulyjEXQDP6qtZerOwdQ7YC1w4SFgofK3ogSk0qVoy0QI+q6XWLUJMfMMkUwdTR2dA==",
      "dependencies": {
        "axe-core": "^4.6.3"
      },
      "peerDependencies": {
        "playwright": ">= 1.0.0"
      }
    },
    "node_modules/@playwright/test": {
      "version": "1.49.0",
      "resolved": "https://registry.npmjs.org/@playwright/test/-/test-1.49.0.tgz",
      "integrity": "sha512-DMulbwQURa8rNIQrf94+jPJQ4FmOVdpE5ZppRNvWVjvhC+6sOeo28r8MgIpQRYouXRtt/FCCXU7zn20jnHR4Qw==",
      "license": "Apache-2.0",
      "dependencies": {
        "playwright": "1.49.0"
      },
      "bin": {
        "playwright": "cli.js"
      },
      "engines": {
        "node": ">=18"
      }
    },
    "node_modules/axe-core": {
      "version": "4.7.0",
      "resolved": "https://registry.npmjs.org/axe-core/-/axe-core-4.7.0.tgz",
      "integrity": "sha512-M0JtH+hlOL5pLQwHOLNYZaXuhqmvS8oExsqB1SBYgA4Dk7u/xx+YdGHXaK5pyUfed5mYXdlYiphWq3G8cRi5JQ==",
      "engines": {
        "node": ">=4"
      }
    },
    "node_modules/fsevents": {
      "version": "2.3.2",
      "resolved": "https://registry.npmjs.org/fsevents/-/fsevents-2.3.2.tgz",
      "integrity": "sha512-xiqMQR4xAeHTuB9uWm+fFRcIOgKBMiOBP+eXiyT7jsgVCq1bkVygt00oASowB7EdtpOHaaPgKt812P9ab+DDKA==",
      "hasInstallScript": true,
      "license": "MIT",
      "optional": true,
      "os": [
        "darwin"
      ],
      "engines": {
        "node": "^8.16.0 || ^10.6.0 || >=11.0.0"
      }
    },
    "node_modules/playwright": {
      "version": "1.49.0",
      "resolved": "https://registry.npmjs.org/playwright/-/playwright-1.49.0.tgz",
      "integrity": "sha512-eKpmys0UFDnfNb3vfsf8Vx2LEOtflgRebl0Im2eQQnYMA4Aqd+Zw8bEOB+7ZKvN76901mRnqdsiOGKxzVTbi7A==",
      "license": "Apache-2.0",
      "dependencies": {
        "playwright-core": "1.49.0"
      },
      "bin": {
        "playwright": "cli.js"
      },
      "engines": {
        "node": ">=18"
      },
      "optionalDependencies": {
        "fsevents": "2.3.2"
      }
    },
    "node_modules/playwright-core": {
      "version": "1.49.0",
      "resolved": "https://registry.npmjs.org/playwright-core/-/playwright-core-1.49.0.tgz",
      "integrity": "sha512-R+3KKTQF3npy5GTiKH/T+kdhoJfJojjHESR1YEWhYuEKRVfVaxH3+4+GvXE5xyCngCxhxnykk0Vlah9v8fs3jA==",
      "license": "Apache-2.0",
      "bin": {
        "playwright-core": "cli.js"
      },
      "engines": {
        "node": ">=18"
      }
    }
  },
  "dependencies": {
    "@axe-core/playwright": {
      "version": "4.6.1",
      "resolved": "https://registry.npmjs.org/@axe-core/playwright/-/playwright-4.6.1.tgz",
      "integrity": "sha512-XMKP2OzGfGIYpU9G9FgI2ulyjEXQDP6qtZerOwdQ7YC1w4SFgofK3ogSk0qVoy0QI+q6XWLUJMfMMkUwdTR2dA==",
      "requires": {
        "axe-core": "^4.6.3"
      }
    },
    "@playwright/test": {
      "version": "1.49.0",
      "resolved": "https://registry.npmjs.org/@playwright/test/-/test-1.49.0.tgz",
      "integrity": "sha512-DMulbwQURa8rNIQrf94+jPJQ4FmOVdpE5ZppRNvWVjvhC+6sOeo28r8MgIpQRYouXRtt/FCCXU7zn20jnHR4Qw==",
      "requires": {
        "playwright": "1.49.0"
      }
    },
    "axe-core": {
      "version": "4.7.0",
      "resolved": "https://registry.npmjs.org/axe-core/-/axe-core-4.7.0.tgz",
      "integrity": "sha512-M0JtH+hlOL5pLQwHOLNYZaXuhqmvS8oExsqB1SBYgA4Dk7u/xx+YdGHXaK5pyUfed5mYXdlYiphWq3G8cRi5JQ=="
    },
    "fsevents": {
      "version": "2.3.2",
      "resolved": "https://registry.npmjs.org/fsevents/-/fsevents-2.3.2.tgz",
      "integrity": "sha512-xiqMQR4xAeHTuB9uWm+fFRcIOgKBMiOBP+eXiyT7jsgVCq1bkVygt00oASowB7EdtpOHaaPgKt812P9ab+DDKA==",
      "optional": true
    },
    "playwright": {
      "version": "1.49.0",
      "resolved": "https://registry.npmjs.org/playwright/-/playwright-1.49.0.tgz",
      "integrity": "sha512-eKpmys0UFDnfNb3vfsf8Vx2LEOtflgRebl0Im2eQQnYMA4Aqd+Zw8bEOB+7ZKvN76901mRnqdsiOGKxzVTbi7A==",
      "requires": {
        "fsevents": "2.3.2",
        "playwright-core": "1.49.0"
      }
    },
    "playwright-core": {
      "version": "1.49.0",
      "resolved": "https://registry.npmjs.org/playwright-core/-/playwright-core-1.49.0.tgz",
      "integrity": "sha512-R+3KKTQF3npy5GTiKH/T+kdhoJfJojjHESR1YEWhYuEKRVfVaxH3+4+GvXE5xyCngCxhxnykk0Vlah9v8fs3jA=="
    }
  }
}
